
Microsoft Visual Studio Solution File, Format Version 12.00
# Visual Studio 2012
VisualStudioVersion = 12.0.31101.0
MinimumVisualStudioVersion = 10.0.40219.1
Project("{FAE04EC0-301F-11D3-BF4B-00C04F79EFBC}") = "ExcelDataReaderHelper_example", "ExcelDataReaderHelper_example\ExcelDataReaderHelper_example.csproj", "{F71EF51B-7DFA-407B-B683-403EC00C2DA4}"
EndProject
Project("{FAE04EC0-301F-11D3-BF4B-00C04F79EFBC}") = "Excel.Helper", "Excel.Helper\Excel.Helper.csproj", "{414B94CC-B938-4475-8C32-4ECF2E9668CF}"
EndProject
Global
	GlobalSection(SolutionConfigurationPlatforms) = preSolution
		Debug|Any CPU = Debug|Any CPU
		Release|Any CPU = Release|Any CPU
	EndGlobalSection
	GlobalSection(ProjectConfigurationPlatforms) = postSolution
		{414B94CC-B938-4475-8C32-4ECF2E9668CF}.Debug|Any CPU.ActiveCfg = Debug|Any CPU
		{414B94CC-B938-4475-8C32-4ECF2E9668CF}.Debug|Any CPU.Build.0 = Debug|Any CPU
		{414B94CC-B938-4475-8C32-4ECF2E9668CF}.Release|Any CPU.ActiveCfg = Release|Any CPU
		{414B94CC-B938-4475-8C32-4ECF2E9668CF}.Release|Any CPU.Build.0 = Release|Any CPU
		{F71EF51B-7DFA-407B-B683-403EC00C2DA4}.Debug|Any CPU.ActiveCfg = Debug|Any CPU
		{F71EF51B-7DFA-407B-B683-403EC00C2DA4}.Debug|Any CPU.Build.0 = Debug|Any CPU
		{F71EF51B-7DFA-407B-B683-403EC00C2DA4}.Release|Any CPU.ActiveCfg = Release|Any CPU
		{F71EF51B-7DFA-407B-B683-403EC00C2DA4}.Release|Any CPU.Build.0 = Release|Any CPU
	EndGlobalSection
	GlobalSection(SolutionProperties) = preSolution
		HideSolutionNode = FALSE
	EndGlobalSection
EndGlobal
